{
  "name": "@indra.ai/logdeva",
  "version": "0.0.44",
  "lockfileVersion": 3,
  "requires": true,
  "packages": {
    "": {
      "name": "@indra.ai/logdeva",
      "version": "0.0.44",
      "license": "MIT",
      "dependencies": {
        "@indra.ai/deva": "^1.1.80"
      }
    },
    "node_modules/@indra.ai/deva": {
      "version": "1.1.80",
      "resolved": "https://registry.npmjs.org/@indra.ai/deva/-/deva-1.1.80.tgz",
      "integrity": "sha512-JG0y0S3fNYA9laso74zMOlVlbaERxIFvsoLbAE1ANPtp7sdY1NRUyklXvk7hai2XMiVNWFyghS3pO2EgO1SpYw==",
      "engines": {
        "node": ">=10.0.0",
        "npm": ">=6.0.0"
      }
    }
  }
}
