{
  "name": "@indra.ai/logdeva",
  "version": "0.0.57",
  "lockfileVersion": 3,
  "requires": true,
  "packages": {
    "": {
      "name": "@indra.ai/logdeva",
      "version": "0.0.57",
      "license": "MIT",
      "dependencies": {
        "@indra.ai/deva": "^1.1.100"
      }
    },
    "node_modules/@indra.ai/deva": {
      "version": "1.1.100",
      "resolved": "https://registry.npmjs.org/@indra.ai/deva/-/deva-1.1.100.tgz",
      "integrity": "sha512-FASVjRZY74F3IukarfPpEogi0QMsHohC1Jd5zEkBH2NSP7yL+3MHfhQ9gaWIJbrWPJWTJmN6SN5y1e5yfdTbnw==",
      "engines": {
        "node": ">=18.16.0",
        "npm": ">=9.5.1"
      }
    }
  }
}
