{
  "name": "@indra.ai/logdeva",
  "version": "0.0.71",
  "lockfileVersion": 3,
  "requires": true,
  "packages": {
    "": {
      "name": "@indra.ai/logdeva",
      "version": "0.0.71",
      "license": "MIT",
      "dependencies": {
        "@indra.ai/deva": "^1.1.123"
      }
    },
    "node_modules/@indra.ai/deva": {
      "version": "1.1.123",
      "resolved": "https://registry.npmjs.org/@indra.ai/deva/-/deva-1.1.123.tgz",
      "integrity": "sha512-iOayVycD2cZknQ/sLu7cPqiWNRf6P8d680nMACZ947Ssc6vqIPJ9i8Jnxh0S3gfMbP/9JOHJnyQaLC5uGSyp5g==",
      "engines": {
        "node": ">=18.16.0",
        "npm": ">=9.5.1"
      }
    }
  }
}
